
Microsoft Visual Studio Solution File, Format Version 12.00
# Visual Studio Version 17
VisualStudioVersion = 17.0.31903.59
MinimumVisualStudioVersion = 10.0.40219.1
Project("{FAE04EC0-301F-11D3-BF4B-00C04F79EFBC}") = "dot", "src\dot.csproj", "{E7608D54-4A3B-4B4B-ADA0-7852987CA21F}"
EndProject
Project("{2150E333-8FDC-42A3-9474-1A3956D46DE8}") = "meta", "meta", "{AD79881E-74D9-4EC7-AFE9-82D10CD32C3A}"
	ProjectSection(SolutionItems) = preProject
		.editorconfig = .editorconfig
		.gitattributes = .gitattributes
		.gitignore = .gitignore
		.tgitconfig = .tgitconfig
		build.cake = build.cake
		CodeQuality.props = CodeQuality.props
		CopyPackageXmlCommentFiles.targets = CopyPackageXmlCommentFiles.targets
		Directory.Build.props = Directory.Build.props
		dot-clean.cmd = dot-clean.cmd
		dot.sln.DotSettings = dot.sln.DotSettings
		dotnet-tools.json = dotnet-tools.json
		GenerateResx.targets = GenerateResx.targets
		git-clean.cmd = git-clean.cmd
		global.json = global.json
		ImageOptimize.csx = ImageOptimize.csx
		LICENSE = LICENSE
		NuGet.Config = NuGet.Config
		package.json = package.json
		README.md = README.md
		README.zh-CN.md = README.zh-CN.md
		resharper-clean-full.cmd = resharper-clean-full.cmd
		resharper-clean.ps1 = resharper-clean.ps1
		ResharperCodeClean.csx = ResharperCodeClean.csx
		stylecop.json = stylecop.json
		StyleCopAnalyzers.ruleset = StyleCopAnalyzers.ruleset
		SyncMetaFiles.csx = SyncMetaFiles.csx
	EndProjectSection
EndProject
Project("{FAE04EC0-301F-11D3-BF4B-00C04F79EFBC}") = "tests", "tests\tests.csproj", "{15EF00AD-DFA8-4BE2-985E-85DA8092CB2F}"
EndProject
Global
	GlobalSection(SolutionConfigurationPlatforms) = preSolution
		Debug|Any CPU = Debug|Any CPU
		Release|Any CPU = Release|Any CPU
	EndGlobalSection
	GlobalSection(SolutionProperties) = preSolution
		HideSolutionNode = FALSE
	EndGlobalSection
	GlobalSection(ProjectConfigurationPlatforms) = postSolution
		{E7608D54-4A3B-4B4B-ADA0-7852987CA21F}.Debug|Any CPU.ActiveCfg = Debug|Any CPU
		{E7608D54-4A3B-4B4B-ADA0-7852987CA21F}.Debug|Any CPU.Build.0 = Debug|Any CPU
		{E7608D54-4A3B-4B4B-ADA0-7852987CA21F}.Release|Any CPU.ActiveCfg = Release|Any CPU
		{E7608D54-4A3B-4B4B-ADA0-7852987CA21F}.Release|Any CPU.Build.0 = Release|Any CPU
		{15EF00AD-DFA8-4BE2-985E-85DA8092CB2F}.Debug|Any CPU.ActiveCfg = Debug|Any CPU
		{15EF00AD-DFA8-4BE2-985E-85DA8092CB2F}.Debug|Any CPU.Build.0 = Debug|Any CPU
		{15EF00AD-DFA8-4BE2-985E-85DA8092CB2F}.Release|Any CPU.ActiveCfg = Release|Any CPU
		{15EF00AD-DFA8-4BE2-985E-85DA8092CB2F}.Release|Any CPU.Build.0 = Release|Any CPU
	EndGlobalSection
EndGlobal