
Microsoft Visual Studio Solution File, Format Version 12.00
# Visual Studio Version 17
VisualStudioVersion = 17.0.31903.59
MinimumVisualStudioVersion = 10.0.40219.1
Project("{FAE04EC0-301F-11D3-BF4B-00C04F79EFBC}") = "dot", "src\dot.csproj", "{E7608D54-4A3B-4B4B-ADA0-7852987CA21F}"
EndProject
Project("{2150E333-8FDC-42A3-9474-1A3956D46DE8}") = "root-files", "root-files", "{AD79881E-74D9-4EC7-AFE9-82D10CD32C3A}"
	ProjectSection(SolutionItems) = preProject
		.editorconfig = .editorconfig
		.gitattributes = .gitattributes
		.gitignore = .gitignore
		.tgitconfig = .tgitconfig
		build.ps1 = build.ps1
		code-format.cmd = code-format.cmd
		Directory.Build.props = Directory.Build.props
		dot.sln.DotSettings = dot.sln.DotSettings
		git-clean.ps1 = git-clean.ps1
		LICENSE = LICENSE
		README.md = README.md
	EndProjectSection
EndProject
Global
	GlobalSection(SolutionConfigurationPlatforms) = preSolution
		Debug|Any CPU = Debug|Any CPU
		Release|Any CPU = Release|Any CPU
	EndGlobalSection
	GlobalSection(SolutionProperties) = preSolution
		HideSolutionNode = FALSE
	EndGlobalSection
	GlobalSection(ProjectConfigurationPlatforms) = postSolution
		{E7608D54-4A3B-4B4B-ADA0-7852987CA21F}.Debug|Any CPU.ActiveCfg = Debug|Any CPU
		{E7608D54-4A3B-4B4B-ADA0-7852987CA21F}.Debug|Any CPU.Build.0 = Debug|Any CPU
		{E7608D54-4A3B-4B4B-ADA0-7852987CA21F}.Release|Any CPU.ActiveCfg = Release|Any CPU
		{E7608D54-4A3B-4B4B-ADA0-7852987CA21F}.Release|Any CPU.Build.0 = Release|Any CPU
	EndGlobalSection
EndGlobal